{
  "name": "1415fee72ff6294b",
  "lockfileVersion": 3,
  "requires": true,
  "packages": {
    "": {
      "dependencies": {
        "create-vite": "^9.0.3"
      }
    },
    "node_modules/create-vite": {
      "version": "9.0.3",
      "resolved": "https://registry.npmjs.org/create-vite/-/create-vite-9.0.3.tgz",
      "integrity": "sha512-eYcVOj/fzVEDFjjEURP93TTC11CmOHtnbeTz1/aEEnL+O1dEyEYzfPWE/JfxbksQ9ztlkxMZ5XG3KjVGDks0xw==",
      "license": "MIT",
      "bin": {
        "create-vite": "index.js",
        "cva": "index.js"
      },
      "engines": {
        "node": "^20.19.0 || >=22.12.0"
      },
      "funding": {
        "url": "https://github.com/vitejs/vite?sponsor=1"
      }
    }
  }
}
